// !$*UTF8*$!
{
	archiveVersion = 1;
	classes = {
	};
	objectVersion = 46;
	objects = {

/* Begin PBXBuildFile section */
		4400AD941EF287BB006D3330 /* ViewController.swift in Sources */ = {isa = PBXBuildFile; fileRef = 4400AD931EF287BB006D3330 /* ViewController.swift */; };
		44378E5E1EEFAD8B008E2846 /* GoogleService-Info.plist in Resources */ = {isa = PBXBuildFile; fileRef = 44378E5D1EEFAD8B008E2846 /* GoogleService-Info.plist */; };
		447055931EEE2D32001D1116 /* AppDelegate.swift in Sources */ = {isa = PBXBuildFile; fileRef = 447055921EEE2D32001D1116 /* AppDelegate.swift */; };
		447055981EEE2D32001D1116 /* Main.storyboard in Resources */ = {isa = PBXBuildFile; fileRef = 447055961EEE2D32001D1116 /* Main.storyboard */; };
		4470559A1EEE2D32001D1116 /* Assets.xcassets in Resources */ = {isa = PBXBuildFile; fileRef = 447055991EEE2D32001D1116 /* Assets.xcassets */; };
		4470559D1EEE2D32001D1116 /* LaunchScreen.storyboard in Resources */ = {isa = PBXBuildFile; fileRef = 4470559B1EEE2D32001D1116 /* LaunchScreen.storyboard */; };
		447055A51EEE2E75001D1116 /* LoginViewController.swift in Sources */ = {isa = PBXBuildFile; fileRef = 447055A41EEE2E75001D1116 /* LoginViewController.swift */; };
		44D7BD011EF2571A005EC599 /* LeftMenuViewController.swift in Sources */ = {isa = PBXBuildFile; fileRef = 44D7BD001EF2571A005EC599 /* LeftMenuViewController.swift */; };
		44D7BD031EF257D8005EC599 /* SlideViewController.swift in Sources */ = {isa = PBXBuildFile; fileRef = 44D7BD021EF257D8005EC599 /* SlideViewController.swift */; };
		44D7BD051EF258F9005EC599 /* MainViewController.swift in Sources */ = {isa = PBXBuildFile; fileRef = 44D7BD041EF258F9005EC599 /* MainViewController.swift */; };
		E4930DAFA975B0FA0E51C3CE /* Pods_Beautefolio.framework in Frameworks */ = {isa = PBXBuildFile; fileRef = 687E82B717F57FCD38E66951 /* Pods_Beautefolio.framework */; };
/* End PBXBuildFile section */

/* Begin PBXFileReference section */
		4400AD931EF287BB006D3330 /* ViewController.swift */ = {isa = PBXFileReference; fileEncoding = 4; lastKnownFileType = sourcecode.swift; path = ViewController.swift; sourceTree = "<group>"; };
		44378E5D1EEFAD8B008E2846 /* GoogleService-Info.plist */ = {isa = PBXFileReference; fileEncoding = 4; lastKnownFileType = text.plist.xml; path = "GoogleService-Info.plist"; sourceTree = "<group>"; };
		4470558F1EEE2D32001D1116 /* Beautefolio.app */ = {isa = PBXFileReference; explicitFileType = wrapper.application; includeInIndex = 0; path = Beautefolio.app; sourceTree = BUILT_PRODUCTS_DIR; };
		447055921EEE2D32001D1116 /* AppDelegate.swift */ = {isa = PBXFileReference; lastKnownFileType = sourcecode.swift; path = AppDelegate.swift; sourceTree = "<group>"; };
		447055971EEE2D32001D1116 /* Base */ = {isa = PBXFileReference; lastKnownFileType = file.storyboard; name = Base; path = Base.lproj/Main.storyboard; sourceTree = "<group>"; };
		447055991EEE2D32001D1116 /* Assets.xcassets */ = {isa = PBXFileReference; lastKnownFileType = folder.assetcatalog; path = Assets.xcassets; sourceTree = "<group>"; };
		4470559C1EEE2D32001D1116 /* Base */ = {isa = PBXFileReference; lastKnownFileType = file.storyboard; name = Base; path = Base.lproj/LaunchScreen.storyboard; sourceTree = "<group>"; };
		4470559E1EEE2D32001D1116 /* Info.plist */ = {isa = PBXFileReference; lastKnownFileType = text.plist.xml; path = Info.plist; sourceTree = "<group>"; };
		447055A41EEE2E75001D1116 /* LoginViewController.swift */ = {isa = PBXFileReference; fileEncoding = 4; lastKnownFileType = sourcecode.swift; path = LoginViewController.swift; sourceTree = "<group>"; };
		44D7BD001EF2571A005EC599 /* LeftMenuViewController.swift */ = {isa = PBXFileReference; fileEncoding = 4; lastKnownFileType = sourcecode.swift; path = LeftMenuViewController.swift; sourceTree = "<group>"; };
		44D7BD021EF257D8005EC599 /* SlideViewController.swift */ = {isa = PBXFileReference; fileEncoding = 4; lastKnownFileType = sourcecode.swift; path = SlideViewController.swift; sourceTree = "<group>"; };
		44D7BD041EF258F9005EC599 /* MainViewController.swift */ = {isa = PBXFileReference; fileEncoding = 4; lastKnownFileType = sourcecode.swift; path = MainViewController.swift; sourceTree = "<group>"; };
		687E82B717F57FCD38E66951 /* Pods_Beautefolio.framework */ = {isa = PBXFileReference; explicitFileType = wrapper.framework; includeInIndex = 0; path = Pods_Beautefolio.framework; sourceTree = BUILT_PRODUCTS_DIR; };
		6B38E49CAE22A47106C0F47B /* Pods-Beautefolio.debug.xcconfig */ = {isa = PBXFileReference; includeInIndex = 1; lastKnownFileType = text.xcconfig; name = "Pods-Beautefolio.debug.xcconfig"; path = "Pods/Target Support Files/Pods-Beautefolio/Pods-Beautefolio.debug.xcconfig"; sourceTree = "<group>"; };
		6D78754329BF6ECED7306ACE /* Pods-Beautefolio.release.xcconfig */ = {isa = PBXFileReference; includeInIndex = 1; lastKnownFileType = text.xcconfig; name = "Pods-Beautefolio.release.xcconfig"; path = "Pods/Target Support Files/Pods-Beautefolio/Pods-Beautefolio.release.xcconfig"; sourceTree = "<group>"; };
/* End PBXFileReference section */

/* Begin PBXFrameworksBuildPhase section */
		4470558C1EEE2D32001D1116 /* Frameworks */ = {
			isa = PBXFrameworksBuildPhase;
			buildActionMask = 2147483647;
			files = (
				E4930DAFA975B0FA0E51C3CE /* Pods_Beautefolio.framework in Frameworks */,
			);
			runOnlyForDeploymentPostprocessing = 0;
		};
/* End PBXFrameworksBuildPhase section */

/* Begin PBXGroup section */
		447055861EEE2D32001D1116 = {
			isa = PBXGroup;
			children = (
				447055911EEE2D32001D1116 /* Beautefolio */,
				447055901EEE2D32001D1116 /* Products */,
				FF010007047916CF8987F631 /* Pods */,
				6B06F57F4F41E014033E4880 /* Frameworks */,
			);
			sourceTree = "<group>";
		};
		447055901EEE2D32001D1116 /* Products */ = {
			isa = PBXGroup;
			children = (
				4470558F1EEE2D32001D1116 /* Beautefolio.app */,
			);
			name = Products;
			sourceTree = "<group>";
		};
		447055911EEE2D32001D1116 /* Beautefolio */ = {
			isa = PBXGroup;
			children = (
				44378E5D1EEFAD8B008E2846 /* GoogleService-Info.plist */,
				447055961EEE2D32001D1116 /* Main.storyboard */,
				44D7BD041EF258F9005EC599 /* MainViewController.swift */,
				44D7BD021EF257D8005EC599 /* SlideViewController.swift */,
				44D7BD001EF2571A005EC599 /* LeftMenuViewController.swift */,
				4400AD931EF287BB006D3330 /* ViewController.swift */,
				447055A41EEE2E75001D1116 /* LoginViewController.swift */,
				447055921EEE2D32001D1116 /* AppDelegate.swift */,
				447055991EEE2D32001D1116 /* Assets.xcassets */,
				4470559B1EEE2D32001D1116 /* LaunchScreen.storyboard */,
				4470559E1EEE2D32001D1116 /* Info.plist */,
			);
			path = Beautefolio;
			sourceTree = "<group>";
		};
		6B06F57F4F41E014033E4880 /* Frameworks */ = {
			isa = PBXGroup;
			children = (
				687E82B717F57FCD38E66951 /* Pods_Beautefolio.framework */,
			);
			name = Frameworks;
			sourceTree = "<group>";
		};
		FF010007047916CF8987F631 /* Pods */ = {
			isa = PBXGroup;
			children = (
				6B38E49CAE22A47106C0F47B /* Pods-Beautefolio.debug.xcconfig */,
				6D78754329BF6ECED7306ACE /* Pods-Beautefolio.release.xcconfig */,
			);
			name = Pods;
			sourceTree = "<group>";
		};
/* End PBXGroup section */

/* Begin PBXNativeTarget section */
		4470558E1EEE2D32001D1116 /* Beautefolio */ = {
			isa = PBXNativeTarget;
			buildConfigurationList = 447055A11EEE2D32001D1116 /* Build configuration list for PBXNativeTarget "Beautefolio" */;
			buildPhases = (
				4A9B978173C9EC268B7F22D3 /* [CP] Check Pods Manifest.lock */,
				4470558B1EEE2D32001D1116 /* Sources */,
				4470558C1EEE2D32001D1116 /* Frameworks */,
				4470558D1EEE2D32001D1116 /* Resources */,
				C589F3BDDE163F9942EE5E7E /* [CP] Embed Pods Frameworks */,
				6F2E188DD66D7571E4B95072 /* [CP] Copy Pods Resources */,
			);
			buildRules = (
			);
			dependencies = (
			);
			name = Beautefolio;
			productName = Beautefolio;
			productReference = 4470558F1EEE2D32001D1116 /* Beautefolio.app */;
			productType = "com.apple.product-type.application";
		};
/* End PBXNativeTarget section */

/* Begin PBXProject section */
		447055871EEE2D32001D1116 /* Project object */ = {
			isa = PBXProject;
			attributes = {
				LastSwiftUpdateCheck = 0800;
				LastUpgradeCheck = 0800;
				ORGANIZATIONNAME = tocci14;
				TargetAttributes = {
					4470558E1EEE2D32001D1116 = {
						CreatedOnToolsVersion = 8.0;
						ProvisioningStyle = Automatic;
					};
				};
			};
			buildConfigurationList = 4470558A1EEE2D32001D1116 /* Build configuration list for PBXProject "Beautefolio" */;
			compatibilityVersion = "Xcode 3.2";
			developmentRegion = English;
			hasScannedForEncodings = 0;
			knownRegions = (
				en,
				Base,
			);
			mainGroup = 447055861EEE2D32001D1116;
			productRefGroup = 447055901EEE2D32001D1116 /* Products */;
			projectDirPath = "";
			projectRoot = "";
			targets = (
				4470558E1EEE2D32001D1116 /* Beautefolio */,
			);
		};
/* End PBXProject section */

/* Begin PBXResourcesBuildPhase section */
		4470558D1EEE2D32001D1116 /* Resources */ = {
			isa = PBXResourcesBuildPhase;
			buildActionMask = 2147483647;
			files = (
				4470559D1EEE2D32001D1116 /* LaunchScreen.storyboard in Resources */,
				44378E5E1EEFAD8B008E2846 /* GoogleService-Info.plist in Resources */,
				4470559A1EEE2D32001D1116 /* Assets.xcassets in Resources */,
				447055981EEE2D32001D1116 /* Main.storyboard in Resources */,
			);
			runOnlyForDeploymentPostprocessing = 0;
		};
/* End PBXResourcesBuildPhase section */

/* Begin PBXShellScriptBuildPhase section */
		4A9B978173C9EC268B7F22D3 /* [CP] Check Pods Manifest.lock */ = {
			isa = PBXShellScriptBuildPhase;
			buildActionMask = 2147483647;
			files = (
			);
			inputPaths = (
			);
			name = "[CP] Check Pods Manifest.lock";
			outputPaths = (
			);
			runOnlyForDeploymentPostprocessing = 0;
			shellPath = /bin/sh;
			shellScript = "diff \"${PODS_ROOT}/../Podfile.lock\" \"${PODS_ROOT}/Manifest.lock\" > /dev/null\nif [ $? != 0 ] ; then\n    # print error to STDERR\n    echo \"error: The sandbox is not in sync with the Podfile.lock. Run 'pod install' or update your CocoaPods installation.\" >&2\n    exit 1\nfi\n";
			showEnvVarsInLog = 0;
		};
		6F2E188DD66D7571E4B95072 /* [CP] Copy Pods Resources */ = {
			isa = PBXShellScriptBuildPhase;
			buildActionMask = 2147483647;
			files = (
			);
			inputPaths = (
			);
			name = "[CP] Copy Pods Resources";
			outputPaths = (
			);
			runOnlyForDeploymentPostprocessing = 0;
			shellPath = /bin/sh;
			shellScript = "\"${SRCROOT}/Pods/Target Support Files/Pods-Beautefolio/Pods-Beautefolio-resources.sh\"\n";
			showEnvVarsInLog = 0;
		};
		C589F3BDDE163F9942EE5E7E /* [CP] Embed Pods Frameworks */ = {
			isa = PBXShellScriptBuildPhase;
			buildActionMask = 2147483647;
			files = (
			);
			inputPaths = (
			);
			name = "[CP] Embed Pods Frameworks";
			outputPaths = (
			);
			runOnlyForDeploymentPostprocessing = 0;
			shellPath = /bin/sh;
			shellScript = "\"${SRCROOT}/Pods/Target Support Files/Pods-Beautefolio/Pods-Beautefolio-frameworks.sh\"\n";
			showEnvVarsInLog = 0;
		};
/* End PBXShellScriptBuildPhase section */

/* Begin PBXSourcesBuildPhase section */
		4470558B1EEE2D32001D1116 /* Sources */ = {
			isa = PBXSourcesBuildPhase;
			buildActionMask = 2147483647;
			files = (
				4400AD941EF287BB006D3330 /* ViewController.swift in Sources */,
				447055A51EEE2E75001D1116 /* LoginViewController.swift in Sources */,
				44D7BD011EF2571A005EC599 /* LeftMenuViewController.swift in Sources */,
				44D7BD051EF258F9005EC599 /* MainViewController.swift in Sources */,
				447055931EEE2D32001D1116 /* AppDelegate.swift in Sources */,
				44D7BD031EF257D8005EC599 /* SlideViewController.swift in Sources */,
			);
			runOnlyForDeploymentPostprocessing = 0;
		};
/* End PBXSourcesBuildPhase section */

/* Begin PBXVariantGroup section */
		447055961EEE2D32001D1116 /* Main.storyboard */ = {
			isa = PBXVariantGroup;
			children = (
				447055971EEE2D32001D1116 /* Base */,
			);
			name = Main.storyboard;
			sourceTree = "<group>";
		};
		4470559B1EEE2D32001D1116 /* LaunchScreen.storyboard */ = {
			isa = PBXVariantGroup;
			children = (
				4470559C1EEE2D32001D1116 /* Base */,
			);
			name = LaunchScreen.storyboard;
			sourceTree = "<group>";
		};
/* End PBXVariantGroup section */

/* Begin XCBuildConfiguration section */
		4470559F1EEE2D32001D1116 /* Debug */ = {
			isa = XCBuildConfiguration;
			buildSettings = {
				ALWAYS_SEARCH_USER_PATHS = NO;
				CLANG_ANALYZER_NONNULL = YES;
				CLANG_CXX_LANGUAGE_STANDARD = "gnu++0x";
				CLANG_CXX_LIBRARY = "libc++";
				CLANG_ENABLE_MODULES = YES;
				CLANG_ENABLE_OBJC_ARC = YES;
				CLANG_WARN_BOOL_CONVERSION = YES;
				CLANG_WARN_CONSTANT_CONVERSION = YES;
				CLANG_WARN_DIRECT_OBJC_ISA_USAGE = YES_ERROR;
				CLANG_WARN_DOCUMENTATION_COMMENTS = YES;
				CLANG_WARN_EMPTY_BODY = YES;
				CLANG_WARN_ENUM_CONVERSION = YES;
				CLANG_WARN_INFINITE_RECURSION = YES;
				CLANG_WARN_INT_CONVERSION = YES;
				CLANG_WARN_OBJC_ROOT_CLASS = YES_ERROR;
				CLANG_WARN_SUSPICIOUS_MOVES = YES;
				CLANG_WARN_UNREACHABLE_CODE = YES;
				CLANG_WARN__DUPLICATE_METHOD_MATCH = YES;
				"CODE_SIGN_IDENTITY[sdk=iphoneos*]" = "iPhone Developer";
				COPY_PHASE_STRIP = NO;
				DEBUG_INFORMATION_FORMAT = dwarf;
				ENABLE_STRICT_OBJC_MSGSEND = YES;
				ENABLE_TESTABILITY = YES;
				GCC_C_LANGUAGE_STANDARD = gnu99;
				GCC_DYNAMIC_NO_PIC = NO;
				GCC_NO_COMMON_BLOCKS = YES;
				GCC_OPTIMIZATION_LEVEL = 0;
				GCC_PREPROCESSOR_DEFINITIONS = (
					"DEBUG=1",
					"$(inherited)",
				);
				GCC_WARN_64_TO_32_BIT_CONVERSION = YES;
				GCC_WARN_ABOUT_RETURN_TYPE = YES_ERROR;
				GCC_WARN_UNDECLARED_SELECTOR = YES;
				GCC_WARN_UNINITIALIZED_AUTOS = YES_AGGRESSIVE;
				GCC_WARN_UNUSED_FUNCTION = YES;
				GCC_WARN_UNUSED_VARIABLE = YES;
				IPHONEOS_DEPLOYMENT_TARGET = 10.0;
				MTL_ENABLE_DEBUG_INFO = YES;
				ONLY_ACTIVE_ARCH = YES;
				SDKROOT = iphoneos;
				SWIFT_ACTIVE_COMPILATION_CONDITIONS = DEBUG;
				SWIFT_OPTIMIZATION_LEVEL = "-Onone";
				TARGETED_DEVICE_FAMILY = 2;
			};
			name = Debug;
		};
		447055A01EEE2D32001D1116 /* Release */ = {
			isa = XCBuildConfiguration;
			buildSettings = {
				ALWAYS_SEARCH_USER_PATHS = NO;
				CLANG_ANALYZER_NONNULL = YES;
				CLANG_CXX_LANGUAGE_STANDARD = "gnu++0x";
				CLANG_CXX_LIBRARY = "libc++";
				CLANG_ENABLE_MODULES = YES;
				CLANG_ENABLE_OBJC_ARC = YES;
				CLANG_WARN_BOOL_CONVERSION = YES;
				CLANG_WARN_CONSTANT_CONVERSION = YES;
				CLANG_WARN_DIRECT_OBJC_ISA_USAGE = YES_ERROR;
				CLANG_WARN_DOCUMENTATION_COMMENTS = YES;
				CLANG_WARN_EMPTY_BODY = YES;
				CLANG_WARN_ENUM_CONVERSION = YES;
				CLANG_WARN_INFINITE_RECURSION = YES;
				CLANG_WARN_INT_CONVERSION = YES;
				CLANG_WARN_OBJC_ROOT_CLASS = YES_ERROR;
				CLANG_WARN_SUSPICIOUS_MOVES = YES;
				CLANG_WARN_UNREACHABLE_CODE = YES;
				CLANG_WARN__DUPLICATE_METHOD_MATCH = YES;
				"CODE_SIGN_IDENTITY[sdk=iphoneos*]" = "iPhone Developer";
				COPY_PHASE_STRIP = NO;
				DEBUG_INFORMATION_FORMAT = "dwarf-with-dsym";
				ENABLE_NS_ASSERTIONS = NO;
				ENABLE_STRICT_OBJC_MSGSEND = YES;
				GCC_C_LANGUAGE_STANDARD = gnu99;
				GCC_NO_COMMON_BLOCKS = YES;
				GCC_WARN_64_TO_32_BIT_CONVERSION = YES;
				GCC_WARN_ABOUT_RETURN_TYPE = YES_ERROR;
				GCC_WARN_UNDECLARED_SELECTOR = YES;
				GCC_WARN_UNINITIALIZED_AUTOS = YES_AGGRESSIVE;
				GCC_WARN_UNUSED_FUNCTION = YES;
				GCC_WARN_UNUSED_VARIABLE = YES;
				IPHONEOS_DEPLOYMENT_TARGET = 10.0;
				MTL_ENABLE_DEBUG_INFO = NO;
				SDKROOT = iphoneos;
				SWIFT_OPTIMIZATION_LEVEL = "-Owholemodule";
				TARGETED_DEVICE_FAMILY = 2;
				VALIDATE_PRODUCT = YES;
			};
			name = Release;
		};
		447055A21EEE2D32001D1116 /* Debug */ = {
			isa = XCBuildConfiguration;
			baseConfigurationReference = 6B38E49CAE22A47106C0F47B /* Pods-Beautefolio.debug.xcconfig */;
			buildSettings = {
				ASSETCATALOG_COMPILER_APPICON_NAME = AppIcon;
				DEVELOPMENT_TEAM = "";
				INFOPLIST_FILE = Beautefolio/Info.plist;
				LD_RUNPATH_SEARCH_PATHS = "$(inherited) @executable_path/Frameworks";
				PRODUCT_BUNDLE_IDENTIFIER = jp.techacademy.tocci14.Beautefolio;
				PRODUCT_NAME = "$(TARGET_NAME)";
				SWIFT_VERSION = 3.0;
			};
			name = Debug;
		};
		447055A31EEE2D32001D1116 /* Release */ = {
			isa = XCBuildConfiguration;
			baseConfigurationReference = 6D78754329BF6ECED7306ACE /* Pods-Beautefolio.release.xcconfig */;
			buildSettings = {
				ASSETCATALOG_COMPILER_APPICON_NAME = AppIcon;
				DEVELOPMENT_TEAM = "";
				INFOPLIST_FILE = Beautefolio/Info.plist;
				LD_RUNPATH_SEARCH_PATHS = "$(inherited) @executable_path/Frameworks";
				PRODUCT_BUNDLE_IDENTIFIER = jp.techacademy.tocci14.Beautefolio;
				PRODUCT_NAME = "$(TARGET_NAME)";
				SWIFT_VERSION = 3.0;
			};
			name = Release;
		};
/* End XCBuildConfiguration section */

/* Begin XCConfigurationList section */
		4470558A1EEE2D32001D1116 /* Build configuration list for PBXProject "Beautefolio" */ = {
			isa = XCConfigurationList;
			buildConfigurations = (
				4470559F1EEE2D32001D1116 /* Debug */,
				447055A01EEE2D32001D1116 /* Release */,
			);
			defaultConfigurationIsVisible = 0;
			defaultConfigurationName = Release;
		};
		447055A11EEE2D32001D1116 /* Build configuration list for PBXNativeTarget "Beautefolio" */ = {
			isa = XCConfigurationList;
			buildConfigurations = (
				447055A21EEE2D32001D1116 /* Debug */,
				447055A31EEE2D32001D1116 /* Release */,
			);
			defaultConfigurationIsVisible = 0;
			defaultConfigurationName = Release;
		};
/* End XCConfigurationList section */
	};
	rootObject = 447055871EEE2D32001D1116 /* Project object */;
}
